# THIS IS AN AUTOGENERATED FILE. DO NOT EDIT THIS FILE DIRECTLY.
# yarn lockfile v1


crypto-random-string@^4.0.0:
  version "4.0.0"
  resolved "https://registry.yarnpkg.com/crypto-random-string/-/crypto-random-string-4.0.0.tgz#5a3cc53d7dd86183df5da0312816ceeeb5bb1fc2"
  integrity sha512-x8dy3RnvYdlUcPOjkEHqozhiwzKNSq7GcPuXFbnyMOCHxX8V3OgIg/pYuabl2sbUPfIJaeAQB7PMOK8DFIdoRA==
  dependencies:
    type-fest "^1.0.1"

is-stream@^3.0.0:
  version "3.0.0"
  resolved "https://registry.yarnpkg.com/is-stream/-/is-stream-3.0.0.tgz#e6bfd7aa6bef69f4f472ce9bb681e3e57b4319ac"
  integrity sha512-LnQR4bZ9IADDRSkvpqMGvt/tEJWclzklNgSw48V5EAaAeDd6qGvN8ei6k5p0tvxSR171VmGyHuTiAOfxAbr8kA==

temp-dir@^3.0.0:
  version "3.0.0"
  resolved "https://registry.yarnpkg.com/temp-dir/-/temp-dir-3.0.0.tgz#7f147b42ee41234cc6ba3138cd8e8aa2302acffa"
  integrity sha512-nHc6S/bwIilKHNRgK/3jlhDoIHcp45YgyiwcAk46Tr0LfEqGBVpmiAyuiuxeVE44m3mXnEeVhaipLOEWmH+Njw==

tempy@^3.1.0:
  version "3.1.0"
  resolved "https://registry.yarnpkg.com/tempy/-/tempy-3.1.0.tgz#00958b6df85db8589cb595465e691852aac038e9"
  integrity sha512-7jDLIdD2Zp0bDe5r3D2qtkd1QOCacylBuL7oa4udvN6v2pqr4+LcCr67C8DR1zkpaZ8XosF5m1yQSabKAW6f2g==
  dependencies:
    is-stream "^3.0.0"
    temp-dir "^3.0.0"
    type-fest "^2.12.2"
    unique-string "^3.0.0"

type-fest@^1.0.1:
  version "1.4.0"
  resolved "https://registry.yarnpkg.com/type-fest/-/type-fest-1.4.0.tgz#e9fb813fe3bf1744ec359d55d1affefa76f14be1"
  integrity sha512-yGSza74xk0UG8k+pLh5oeoYirvIiWo5t0/o3zHHAO2tRDiZcxWP7fywNlXhqb6/r6sWvwi+RsyQMWhVLe4BVuA==

type-fest@^2.12.2:
  version "2.19.0"
  resolved "https://registry.yarnpkg.com/type-fest/-/type-fest-2.19.0.tgz#88068015bb33036a598b952e55e9311a60fd3a9b"
  integrity sha512-RAH822pAdBgcNMAfWnCBU3CFZcfZ/i1eZjwFU/dsLKumyuuP3niueg2UAukXYF0E2AAoc82ZSSf9J0WQBinzHA==

unique-string@^3.0.0:
  version "3.0.0"
  resolved "https://registry.yarnpkg.com/unique-string/-/unique-string-3.0.0.tgz#84a1c377aff5fd7a8bc6b55d8244b2bd90d75b9a"
  integrity sha512-VGXBUVwxKMBUznyffQweQABPRRW1vHZAbadFZud4pLFAqRGvv/96vafgjWFqzourzr8YonlQiPgH0YCJfawoGQ==
  dependencies:
    crypto-random-string "^4.0.0"
